
Microsoft Visual Studio Solution File, Format Version 12.00
# Visual Studio Version 17
VisualStudioVersion = 17.10.35013.160
MinimumVisualStudioVersion = 10.0.40219.1
Project("{FAE04EC0-301F-11D3-BF4B-00C04F79EFBC}") = "FileNameModifier", "FileNameModifier\FileNameModifier.csproj", "{2C60283A-859B-40DD-A71C-151DAC3CB1F8}"
EndProject
Project("{FAE04EC0-301F-11D3-BF4B-00C04F79EFBC}") = "FileContentModifier", "FileContentModifier\FileContentModifier.csproj", "{C7282D3B-BA92-4CE6-9780-16F15894EC31}"
EndProject
Project("{FAE04EC0-301F-11D3-BF4B-00C04F79EFBC}") = "FileSearcher", "FileSearcher\FileSearcher.csproj", "{BE67D560-FF40-4534-851B-7F6A6F0CD368}"
EndProject
Project("{FAE04EC0-301F-11D3-BF4B-00C04F79EFBC}") = "XMLModifier", "XMLModifier\XMLModifier.csproj", "{5164E5E4-4257-41A7-9A2F-35F96F979C99}"
EndProject
Global
	GlobalSection(SolutionConfigurationPlatforms) = preSolution
		Debug|Any CPU = Debug|Any CPU
		Debug|x64 = Debug|x64
		Debug|x86 = Debug|x86
		Release|Any CPU = Release|Any CPU
		Release|x64 = Release|x64
		Release|x86 = Release|x86
	EndGlobalSection
	GlobalSection(ProjectConfigurationPlatforms) = postSolution
		{2C60283A-859B-40DD-A71C-151DAC3CB1F8}.Debug|Any CPU.ActiveCfg = Debug|Any CPU
		{2C60283A-859B-40DD-A71C-151DAC3CB1F8}.Debug|Any CPU.Build.0 = Debug|Any CPU
		{2C60283A-859B-40DD-A71C-151DAC3CB1F8}.Debug|x64.ActiveCfg = Debug|Any CPU
		{2C60283A-859B-40DD-A71C-151DAC3CB1F8}.Debug|x64.Build.0 = Debug|Any CPU
		{2C60283A-859B-40DD-A71C-151DAC3CB1F8}.Debug|x86.ActiveCfg = Debug|Any CPU
		{2C60283A-859B-40DD-A71C-151DAC3CB1F8}.Debug|x86.Build.0 = Debug|Any CPU
		{2C60283A-859B-40DD-A71C-151DAC3CB1F8}.Release|Any CPU.ActiveCfg = Release|Any CPU
		{2C60283A-859B-40DD-A71C-151DAC3CB1F8}.Release|Any CPU.Build.0 = Release|Any CPU
		{2C60283A-859B-40DD-A71C-151DAC3CB1F8}.Release|x64.ActiveCfg = Release|Any CPU
		{2C60283A-859B-40DD-A71C-151DAC3CB1F8}.Release|x64.Build.0 = Release|Any CPU
		{2C60283A-859B-40DD-A71C-151DAC3CB1F8}.Release|x86.ActiveCfg = Release|Any CPU
		{2C60283A-859B-40DD-A71C-151DAC3CB1F8}.Release|x86.Build.0 = Release|Any CPU
		{C7282D3B-BA92-4CE6-9780-16F15894EC31}.Debug|Any CPU.ActiveCfg = Debug|Any CPU
		{C7282D3B-BA92-4CE6-9780-16F15894EC31}.Debug|Any CPU.Build.0 = Debug|Any CPU
		{C7282D3B-BA92-4CE6-9780-16F15894EC31}.Debug|x64.ActiveCfg = Debug|Any CPU
		{C7282D3B-BA92-4CE6-9780-16F15894EC31}.Debug|x64.Build.0 = Debug|Any CPU
		{C7282D3B-BA92-4CE6-9780-16F15894EC31}.Debug|x86.ActiveCfg = Debug|Any CPU
		{C7282D3B-BA92-4CE6-9780-16F15894EC31}.Debug|x86.Build.0 = Debug|Any CPU
		{C7282D3B-BA92-4CE6-9780-16F15894EC31}.Release|Any CPU.ActiveCfg = Release|Any CPU
		{C7282D3B-BA92-4CE6-9780-16F15894EC31}.Release|Any CPU.Build.0 = Release|Any CPU
		{C7282D3B-BA92-4CE6-9780-16F15894EC31}.Release|x64.ActiveCfg = Release|Any CPU
		{C7282D3B-BA92-4CE6-9780-16F15894EC31}.Release|x64.Build.0 = Release|Any CPU
		{C7282D3B-BA92-4CE6-9780-16F15894EC31}.Release|x86.ActiveCfg = Release|Any CPU
		{C7282D3B-BA92-4CE6-9780-16F15894EC31}.Release|x86.Build.0 = Release|Any CPU
		{BE67D560-FF40-4534-851B-7F6A6F0CD368}.Debug|Any CPU.ActiveCfg = Debug|Any CPU
		{BE67D560-FF40-4534-851B-7F6A6F0CD368}.Debug|Any CPU.Build.0 = Debug|Any CPU
		{BE67D560-FF40-4534-851B-7F6A6F0CD368}.Debug|x64.ActiveCfg = Debug|Any CPU
		{BE67D560-FF40-4534-851B-7F6A6F0CD368}.Debug|x64.Build.0 = Debug|Any CPU
		{BE67D560-FF40-4534-851B-7F6A6F0CD368}.Debug|x86.ActiveCfg = Debug|Any CPU
		{BE67D560-FF40-4534-851B-7F6A6F0CD368}.Debug|x86.Build.0 = Debug|Any CPU
		{BE67D560-FF40-4534-851B-7F6A6F0CD368}.Release|Any CPU.ActiveCfg = Release|Any CPU
		{BE67D560-FF40-4534-851B-7F6A6F0CD368}.Release|Any CPU.Build.0 = Release|Any CPU
		{BE67D560-FF40-4534-851B-7F6A6F0CD368}.Release|x64.ActiveCfg = Release|Any CPU
		{BE67D560-FF40-4534-851B-7F6A6F0CD368}.Release|x64.Build.0 = Release|Any CPU
		{BE67D560-FF40-4534-851B-7F6A6F0CD368}.Release|x86.ActiveCfg = Release|Any CPU
		{BE67D560-FF40-4534-851B-7F6A6F0CD368}.Release|x86.Build.0 = Release|Any CPU
		{5164E5E4-4257-41A7-9A2F-35F96F979C99}.Debug|Any CPU.ActiveCfg = Debug|Any CPU
		{5164E5E4-4257-41A7-9A2F-35F96F979C99}.Debug|Any CPU.Build.0 = Debug|Any CPU
		{5164E5E4-4257-41A7-9A2F-35F96F979C99}.Debug|x64.ActiveCfg = Debug|Any CPU
		{5164E5E4-4257-41A7-9A2F-35F96F979C99}.Debug|x64.Build.0 = Debug|Any CPU
		{5164E5E4-4257-41A7-9A2F-35F96F979C99}.Debug|x86.ActiveCfg = Debug|Any CPU
		{5164E5E4-4257-41A7-9A2F-35F96F979C99}.Debug|x86.Build.0 = Debug|Any CPU
		{5164E5E4-4257-41A7-9A2F-35F96F979C99}.Release|Any CPU.ActiveCfg = Release|Any CPU
		{5164E5E4-4257-41A7-9A2F-35F96F979C99}.Release|Any CPU.Build.0 = Release|Any CPU
		{5164E5E4-4257-41A7-9A2F-35F96F979C99}.Release|x64.ActiveCfg = Release|Any CPU
		{5164E5E4-4257-41A7-9A2F-35F96F979C99}.Release|x64.Build.0 = Release|Any CPU
		{5164E5E4-4257-41A7-9A2F-35F96F979C99}.Release|x86.ActiveCfg = Release|Any CPU
		{5164E5E4-4257-41A7-9A2F-35F96F979C99}.Release|x86.Build.0 = Release|Any CPU
	EndGlobalSection
	GlobalSection(SolutionProperties) = preSolution
		HideSolutionNode = FALSE
	EndGlobalSection
	GlobalSection(ExtensibilityGlobals) = postSolution
		SolutionGuid = {CC7E23FA-F5B7-4053-A401-AA85694B6C4F}
	EndGlobalSection
EndGlobal
